// !$*UTF8*$!
{
	archiveVersion = 1;
	classes = {
	};
	objectVersion = 56;
	objects = {

/* Begin PBXBuildFile section */
		FE3827142AED6668009696A5 /* AppDelegate.swift in Sources */ = {isa = PBXBuildFile; fileRef = FE3827132AED6668009696A5 /* AppDelegate.swift */; };
		FE3827162AED6668009696A5 /* SceneDelegate.swift in Sources */ = {isa = PBXBuildFile; fileRef = FE3827152AED6668009696A5 /* SceneDelegate.swift */; };
		FE38271B2AED6668009696A5 /* Main.storyboard in Resources */ = {isa = PBXBuildFile; fileRef = FE3827192AED6668009696A5 /* Main.storyboard */; };
		FE38271D2AED6669009696A5 /* Assets.xcassets in Resources */ = {isa = PBXBuildFile; fileRef = FE38271C2AED6669009696A5 /* Assets.xcassets */; };
		FE3827202AED6669009696A5 /* LaunchScreen.storyboard in Resources */ = {isa = PBXBuildFile; fileRef = FE38271E2AED6669009696A5 /* LaunchScreen.storyboard */; };
		FE59BCFF2AEF14CD00ECC70F /* InitialTableViewController.swift in Sources */ = {isa = PBXBuildFile; fileRef = FE59BCFE2AEF14CD00ECC70F /* InitialTableViewController.swift */; };
/* End PBXBuildFile section */

/* Begin PBXFileReference section */
		FE3827102AED6668009696A5 /* UITableViewExample.app */ = {isa = PBXFileReference; explicitFileType = wrapper.application; includeInIndex = 0; path = UITableViewExample.app; sourceTree = BUILT_PRODUCTS_DIR; };
		FE3827132AED6668009696A5 /* AppDelegate.swift */ = {isa = PBXFileReference; lastKnownFileType = sourcecode.swift; path = AppDelegate.swift; sourceTree = "<group>"; };
		FE3827152AED6668009696A5 /* SceneDelegate.swift */ = {isa = PBXFileReference; lastKnownFileType = sourcecode.swift; path = SceneDelegate.swift; sourceTree = "<group>"; };
		FE38271A2AED6668009696A5 /* Base */ = {isa = PBXFileReference; lastKnownFileType = file.storyboard; name = Base; path = Base.lproj/Main.storyboard; sourceTree = "<group>"; };
		FE38271C2AED6669009696A5 /* Assets.xcassets */ = {isa = PBXFileReference; lastKnownFileType = folder.assetcatalog; path = Assets.xcassets; sourceTree = "<group>"; };
		FE38271F2AED6669009696A5 /* Base */ = {isa = PBXFileReference; lastKnownFileType = file.storyboard; name = Base; path = Base.lproj/LaunchScreen.storyboard; sourceTree = "<group>"; };
		FE3827212AED6669009696A5 /* Info.plist */ = {isa = PBXFileReference; lastKnownFileType = text.plist.xml; path = Info.plist; sourceTree = "<group>"; };
		FE59BCFE2AEF14CD00ECC70F /* InitialTableViewController.swift */ = {isa = PBXFileReference; lastKnownFileType = sourcecode.swift; path = InitialTableViewController.swift; sourceTree = "<group>"; };
/* End PBXFileReference section */

/* Begin PBXFrameworksBuildPhase section */
		FE38270D2AED6668009696A5 /* Frameworks */ = {
			isa = PBXFrameworksBuildPhase;
			buildActionMask = 2147483647;
			files = (
			);
			runOnlyForDeploymentPostprocessing = 0;
		};
/* End PBXFrameworksBuildPhase section */

/* Begin PBXGroup section */
		FE3827072AED6668009696A5 = {
			isa = PBXGroup;
			children = (
				FE3827122AED6668009696A5 /* UITableViewExample */,
				FE3827112AED6668009696A5 /* Products */,
			);
			sourceTree = "<group>";
		};
		FE3827112AED6668009696A5 /* Products */ = {
			isa = PBXGroup;
			children = (
				FE3827102AED6668009696A5 /* UITableViewExample.app */,
			);
			name = Products;
			sourceTree = "<group>";
		};
		FE3827122AED6668009696A5 /* UITableViewExample */ = {
			isa = PBXGroup;
			children = (
				FE59BCFD2AEF0E8D00ECC70F /* Supporting Files */,
				FE59BCFC2AEF0E6800ECC70F /* Controllers */,
				FE59BCFB2AEF0E5500ECC70F /* Views */,
			);
			path = UITableViewExample;
			sourceTree = "<group>";
		};
		FE59BCFB2AEF0E5500ECC70F /* Views */ = {
			isa = PBXGroup;
			children = (
				FE3827192AED6668009696A5 /* Main.storyboard */,
			);
			path = Views;
			sourceTree = "<group>";
		};
		FE59BCFC2AEF0E6800ECC70F /* Controllers */ = {
			isa = PBXGroup;
			children = (
				FE59BCFE2AEF14CD00ECC70F /* InitialTableViewController.swift */,
			);
			path = Controllers;
			sourceTree = "<group>";
		};
		FE59BCFD2AEF0E8D00ECC70F /* Supporting Files */ = {
			isa = PBXGroup;
			children = (
				FE3827132AED6668009696A5 /* AppDelegate.swift */,
				FE3827152AED6668009696A5 /* SceneDelegate.swift */,
				FE38271C2AED6669009696A5 /* Assets.xcassets */,
				FE38271E2AED6669009696A5 /* LaunchScreen.storyboard */,
				FE3827212AED6669009696A5 /* Info.plist */,
			);
			path = "Supporting Files";
			sourceTree = "<group>";
		};
/* End PBXGroup section */

/* Begin PBXNativeTarget section */
		FE38270F2AED6668009696A5 /* UITableViewExample */ = {
			isa = PBXNativeTarget;
			buildConfigurationList = FE3827242AED6669009696A5 /* Build configuration list for PBXNativeTarget "UITableViewExample" */;
			buildPhases = (
				FE38270C2AED6668009696A5 /* Sources */,
				FE38270D2AED6668009696A5 /* Frameworks */,
				FE38270E2AED6668009696A5 /* Resources */,
			);
			buildRules = (
			);
			dependencies = (
			);
			name = UITableViewExample;
			productName = UITableViewExample;
			productReference = FE3827102AED6668009696A5 /* UITableViewExample.app */;
			productType = "com.apple.product-type.application";
		};
/* End PBXNativeTarget section */

/* Begin PBXProject section */
		FE3827082AED6668009696A5 /* Project object */ = {
			isa = PBXProject;
			attributes = {
				BuildIndependentTargetsInParallel = 1;
				LastSwiftUpdateCheck = 1410;
				LastUpgradeCheck = 1410;
				TargetAttributes = {
					FE38270F2AED6668009696A5 = {
						CreatedOnToolsVersion = 14.1;
					};
				};
			};
			buildConfigurationList = FE38270B2AED6668009696A5 /* Build configuration list for PBXProject "UITableViewExample" */;
			compatibilityVersion = "Xcode 14.0";
			developmentRegion = en;
			hasScannedForEncodings = 0;
			knownRegions = (
				en,
				Base,
			);
			mainGroup = FE3827072AED6668009696A5;
			productRefGroup = FE3827112AED6668009696A5 /* Products */;
			projectDirPath = "";
			projectRoot = "";
			targets = (
				FE38270F2AED6668009696A5 /* UITableViewExample */,
			);
		};
/* End PBXProject section */

/* Begin PBXResourcesBuildPhase section */
		FE38270E2AED6668009696A5 /* Resources */ = {
			isa = PBXResourcesBuildPhase;
			buildActionMask = 2147483647;
			files = (
				FE3827202AED6669009696A5 /* LaunchScreen.storyboard in Resources */,
				FE38271D2AED6669009696A5 /* Assets.xcassets in Resources */,
				FE38271B2AED6668009696A5 /* Main.storyboard in Resources */,
			);
			runOnlyForDeploymentPostprocessing = 0;
		};
/* End PBXResourcesBuildPhase section */

/* Begin PBXSourcesBuildPhase section */
		FE38270C2AED6668009696A5 /* Sources */ = {
			isa = PBXSourcesBuildPhase;
			buildActionMask = 2147483647;
			files = (
				FE3827142AED6668009696A5 /* AppDelegate.swift in Sources */,
				FE59BCFF2AEF14CD00ECC70F /* InitialTableViewController.swift in Sources */,
				FE3827162AED6668009696A5 /* SceneDelegate.swift in Sources */,
			);
			runOnlyForDeploymentPostprocessing = 0;
		};
/* End PBXSourcesBuildPhase section */

/* Begin PBXVariantGroup section */
		FE3827192AED6668009696A5 /* Main.storyboard */ = {
			isa = PBXVariantGroup;
			children = (
				FE38271A2AED6668009696A5 /* Base */,
			);
			name = Main.storyboard;
			sourceTree = "<group>";
		};
		FE38271E2AED6669009696A5 /* LaunchScreen.storyboard */ = {
			isa = PBXVariantGroup;
			children = (
				FE38271F2AED6669009696A5 /* Base */,
			);
			name = LaunchScreen.storyboard;
			sourceTree = "<group>";
		};
/* End PBXVariantGroup section */

/* Begin XCBuildConfiguration section */
		FE3827222AED6669009696A5 /* Debug */ = {
			isa = XCBuildConfiguration;
			buildSettings = {
				ALWAYS_SEARCH_USER_PATHS = NO;
				CLANG_ANALYZER_NONNULL = YES;
				CLANG_ANALYZER_NUMBER_OBJECT_CONVERSION = YES_AGGRESSIVE;
				CLANG_CXX_LANGUAGE_STANDARD = "gnu++20";
				CLANG_ENABLE_MODULES = YES;
				CLANG_ENABLE_OBJC_ARC = YES;
				CLANG_ENABLE_OBJC_WEAK = YES;
				CLANG_WARN_BLOCK_CAPTURE_AUTORELEASING = YES;
				CLANG_WARN_BOOL_CONVERSION = YES;
				CLANG_WARN_COMMA = YES;
				CLANG_WARN_CONSTANT_CONVERSION = YES;
				CLANG_WARN_DEPRECATED_OBJC_IMPLEMENTATIONS = YES;
				CLANG_WARN_DIRECT_OBJC_ISA_USAGE = YES_ERROR;
				CLANG_WARN_DOCUMENTATION_COMMENTS = YES;
				CLANG_WARN_EMPTY_BODY = YES;
				CLANG_WARN_ENUM_CONVERSION = YES;
				CLANG_WARN_INFINITE_RECURSION = YES;
				CLANG_WARN_INT_CONVERSION = YES;
				CLANG_WARN_NON_LITERAL_NULL_CONVERSION = YES;
				CLANG_WARN_OBJC_IMPLICIT_RETAIN_SELF = YES;
				CLANG_WARN_OBJC_LITERAL_CONVERSION = YES;
				CLANG_WARN_OBJC_ROOT_CLASS = YES_ERROR;
				CLANG_WARN_QUOTED_INCLUDE_IN_FRAMEWORK_HEADER = YES;
				CLANG_WARN_RANGE_LOOP_ANALYSIS = YES;
				CLANG_WARN_STRICT_PROTOTYPES = YES;
				CLANG_WARN_SUSPICIOUS_MOVE = YES;
				CLANG_WARN_UNGUARDED_AVAILABILITY = YES_AGGRESSIVE;
				CLANG_WARN_UNREACHABLE_CODE = YES;
				CLANG_WARN__DUPLICATE_METHOD_MATCH = YES;
				COPY_PHASE_STRIP = NO;
				DEBUG_INFORMATION_FORMAT = dwarf;
				ENABLE_STRICT_OBJC_MSGSEND = YES;
				ENABLE_TESTABILITY = YES;
				GCC_C_LANGUAGE_STANDARD = gnu11;
				GCC_DYNAMIC_NO_PIC = NO;
				GCC_NO_COMMON_BLOCKS = YES;
				GCC_OPTIMIZATION_LEVEL = 0;
				GCC_PREPROCESSOR_DEFINITIONS = (
					"DEBUG=1",
					"$(inherited)",
				);
				GCC_WARN_64_TO_32_BIT_CONVERSION = YES;
				GCC_WARN_ABOUT_RETURN_TYPE = YES_ERROR;
				GCC_WARN_UNDECLARED_SELECTOR = YES;
				GCC_WARN_UNINITIALIZED_AUTOS = YES_AGGRESSIVE;
				GCC_WARN_UNUSED_FUNCTION = YES;
				GCC_WARN_UNUSED_VARIABLE = YES;
				IPHONEOS_DEPLOYMENT_TARGET = 16.1;
				MTL_ENABLE_DEBUG_INFO = INCLUDE_SOURCE;
				MTL_FAST_MATH = YES;
				ONLY_ACTIVE_ARCH = YES;
				SDKROOT = iphoneos;
				SWIFT_ACTIVE_COMPILATION_CONDITIONS = DEBUG;
				SWIFT_OPTIMIZATION_LEVEL = "-Onone";
			};
			name = Debug;
		};
		FE3827232AED6669009696A5 /* Release */ = {
			isa = XCBuildConfiguration;
			buildSettings = {
				ALWAYS_SEARCH_USER_PATHS = NO;
				CLANG_ANALYZER_NONNULL = YES;
				CLANG_ANALYZER_NUMBER_OBJECT_CONVERSION = YES_AGGRESSIVE;
				CLANG_CXX_LANGUAGE_STANDARD = "gnu++20";
				CLANG_ENABLE_MODULES = YES;
				CLANG_ENABLE_OBJC_ARC = YES;
				CLANG_ENABLE_OBJC_WEAK = YES;
				CLANG_WARN_BLOCK_CAPTURE_AUTORELEASING = YES;
				CLANG_WARN_BOOL_CONVERSION = YES;
				CLANG_WARN_COMMA = YES;
				CLANG_WARN_CONSTANT_CONVERSION = YES;
				CLANG_WARN_DEPRECATED_OBJC_IMPLEMENTATIONS = YES;
				CLANG_WARN_DIRECT_OBJC_ISA_USAGE = YES_ERROR;
				CLANG_WARN_DOCUMENTATION_COMMENTS = YES;
				CLANG_WARN_EMPTY_BODY = YES;
				CLANG_WARN_ENUM_CONVERSION = YES;
				CLANG_WARN_INFINITE_RECURSION = YES;
				CLANG_WARN_INT_CONVERSION = YES;
				CLANG_WARN_NON_LITERAL_NULL_CONVERSION = YES;
				CLANG_WARN_OBJC_IMPLICIT_RETAIN_SELF = YES;
				CLANG_WARN_OBJC_LITERAL_CONVERSION = YES;
				CLANG_WARN_OBJC_ROOT_CLASS = YES_ERROR;
				CLANG_WARN_QUOTED_INCLUDE_IN_FRAMEWORK_HEADER = YES;
				CLANG_WARN_RANGE_LOOP_ANALYSIS = YES;
				CLANG_WARN_STRICT_PROTOTYPES = YES;
				CLANG_WARN_SUSPICIOUS_MOVE = YES;
				CLANG_WARN_UNGUARDED_AVAILABILITY = YES_AGGRESSIVE;
				CLANG_WARN_UNREACHABLE_CODE = YES;
				CLANG_WARN__DUPLICATE_METHOD_MATCH = YES;
				COPY_PHASE_STRIP = NO;
				DEBUG_INFORMATION_FORMAT = "dwarf-with-dsym";
				ENABLE_NS_ASSERTIONS = NO;
				ENABLE_STRICT_OBJC_MSGSEND = YES;
				GCC_C_LANGUAGE_STANDARD = gnu11;
				GCC_NO_COMMON_BLOCKS = YES;
				GCC_WARN_64_TO_32_BIT_CONVERSION = YES;
				GCC_WARN_ABOUT_RETURN_TYPE = YES_ERROR;
				GCC_WARN_UNDECLARED_SELECTOR = YES;
				GCC_WARN_UNINITIALIZED_AUTOS = YES_AGGRESSIVE;
				GCC_WARN_UNUSED_FUNCTION = YES;
				GCC_WARN_UNUSED_VARIABLE = YES;
				IPHONEOS_DEPLOYMENT_TARGET = 16.1;
				MTL_ENABLE_DEBUG_INFO = NO;
				MTL_FAST_MATH = YES;
				SDKROOT = iphoneos;
				SWIFT_COMPILATION_MODE = wholemodule;
				SWIFT_OPTIMIZATION_LEVEL = "-O";
				VALIDATE_PRODUCT = YES;
			};
			name = Release;
		};
		FE3827252AED6669009696A5 /* Debug */ = {
			isa = XCBuildConfiguration;
			buildSettings = {
				ASSETCATALOG_COMPILER_APPICON_NAME = AppIcon;
				ASSETCATALOG_COMPILER_GLOBAL_ACCENT_COLOR_NAME = AccentColor;
				CODE_SIGN_STYLE = Automatic;
				CURRENT_PROJECT_VERSION = 1;
				DEVELOPMENT_TEAM = YCQ4KH7F3F;
				GENERATE_INFOPLIST_FILE = YES;
				INFOPLIST_FILE = "UITableViewExample/Supporting Files/Info.plist";
				INFOPLIST_KEY_UIApplicationSupportsIndirectInputEvents = YES;
				INFOPLIST_KEY_UILaunchStoryboardName = LaunchScreen;
				INFOPLIST_KEY_UIMainStoryboardFile = Main;
				INFOPLIST_KEY_UISupportedInterfaceOrientations_iPad = "UIInterfaceOrientationPortrait UIInterfaceOrientationPortraitUpsideDown UIInterfaceOrientationLandscapeLeft UIInterfaceOrientationLandscapeRight";
				INFOPLIST_KEY_UISupportedInterfaceOrientations_iPhone = "UIInterfaceOrientationPortrait UIInterfaceOrientationLandscapeLeft UIInterfaceOrientationLandscapeRight";
				LD_RUNPATH_SEARCH_PATHS = (
					"$(inherited)",
					"@executable_path/Frameworks",
				);
				MARKETING_VERSION = 1.0;
				PRODUCT_BUNDLE_IDENTIFIER = com.eminecetinkaya.UITableViewExample;
				PRODUCT_NAME = "$(TARGET_NAME)";
				SWIFT_EMIT_LOC_STRINGS = YES;
				SWIFT_VERSION = 5.0;
				TARGETED_DEVICE_FAMILY = "1,2";
			};
			name = Debug;
		};
		FE3827262AED6669009696A5 /* Release */ = {
			isa = XCBuildConfiguration;
			buildSettings = {
				ASSETCATALOG_COMPILER_APPICON_NAME = AppIcon;
				ASSETCATALOG_COMPILER_GLOBAL_ACCENT_COLOR_NAME = AccentColor;
				CODE_SIGN_STYLE = Automatic;
				CURRENT_PROJECT_VERSION = 1;
				DEVELOPMENT_TEAM = YCQ4KH7F3F;
				GENERATE_INFOPLIST_FILE = YES;
				INFOPLIST_FILE = "UITableViewExample/Supporting Files/Info.plist";
				INFOPLIST_KEY_UIApplicationSupportsIndirectInputEvents = YES;
				INFOPLIST_KEY_UILaunchStoryboardName = LaunchScreen;
				INFOPLIST_KEY_UIMainStoryboardFile = Main;
				INFOPLIST_KEY_UISupportedInterfaceOrientations_iPad = "UIInterfaceOrientationPortrait UIInterfaceOrientationPortraitUpsideDown UIInterfaceOrientationLandscapeLeft UIInterfaceOrientationLandscapeRight";
				INFOPLIST_KEY_UISupportedInterfaceOrientations_iPhone = "UIInterfaceOrientationPortrait UIInterfaceOrientationLandscapeLeft UIInterfaceOrientationLandscapeRight";
				LD_RUNPATH_SEARCH_PATHS = (
					"$(inherited)",
					"@executable_path/Frameworks",
				);
				MARKETING_VERSION = 1.0;
				PRODUCT_BUNDLE_IDENTIFIER = com.eminecetinkaya.UITableViewExample;
				PRODUCT_NAME = "$(TARGET_NAME)";
				SWIFT_EMIT_LOC_STRINGS = YES;
				SWIFT_VERSION = 5.0;
				TARGETED_DEVICE_FAMILY = "1,2";
			};
			name = Release;
		};
/* End XCBuildConfiguration section */

/* Begin XCConfigurationList section */
		FE38270B2AED6668009696A5 /* Build configuration list for PBXProject "UITableViewExample" */ = {
			isa = XCConfigurationList;
			buildConfigurations = (
				FE3827222AED6669009696A5 /* Debug */,
				FE3827232AED6669009696A5 /* Release */,
			);
			defaultConfigurationIsVisible = 0;
			defaultConfigurationName = Release;
		};
		FE3827242AED6669009696A5 /* Build configuration list for PBXNativeTarget "UITableViewExample" */ = {
			isa = XCConfigurationList;
			buildConfigurations = (
				FE3827252AED6669009696A5 /* Debug */,
				FE3827262AED6669009696A5 /* Release */,
			);
			defaultConfigurationIsVisible = 0;
			defaultConfigurationName = Release;
		};
/* End XCConfigurationList section */
	};
	rootObject = FE3827082AED6668009696A5 /* Project object */;
}
